
Microsoft Visual Studio Solution File, Format Version 12.00
# Visual Studio Version 17
VisualStudioVersion = 17.11.35303.130
MinimumVisualStudioVersion = 10.0.40219.1
Project("{9A19103F-16F7-4668-BE54-9A1E7A4F7556}") = "AppNumeroDaSorte", "AppNumeroDaSorte\AppNumeroDaSorte.csproj", "{539F44C9-D168-410D-85D9-3A974085C438}"
EndProject
Project("{2150E333-8FDC-42A3-9474-1A3956D46DE8}") = "App 01", "App 01", "{1FFB4F11-8D90-44A1-BBF7-7E5E10846E75}"
EndProject
Project("{2150E333-8FDC-42A3-9474-1A3956D46DE8}") = "App 02", "App 02", "{2C3CDA7D-19D4-4972-9ED4-D7873AFACDF8}"
EndProject
Project("{FAE04EC0-301F-11D3-BF4B-00C04F79EFBC}") = "AppContentPage", "AppContentPage\AppContentPage.csproj", "{2E475C31-4B9A-4144-907A-F4F3006890F9}"
EndProject
Project("{9A19103F-16F7-4668-BE54-9A1E7A4F7556}") = "AppNavigationPage", "AppNavigationPage\AppNavigationPage.csproj", "{208A73A7-9C89-4C02-B1A4-086F2F75E730}"
EndProject
Project("{FAE04EC0-301F-11D3-BF4B-00C04F79EFBC}") = "AppMAUIGallery", "AppMAUIGallery\AppMAUIGallery.csproj", "{3E6A112B-E377-4FBC-AC66-3CD697BAF84F}"
EndProject
Project("{2150E333-8FDC-42A3-9474-1A3956D46DE8}") = "App 03", "App 03", "{F9101884-4B81-4EE1-ABDF-47CEEEE46E0D}"
EndProject
Project("{9A19103F-16F7-4668-BE54-9A1E7A4F7556}") = "AppJogoForca", "AppJogoForca\AppJogoForca.csproj", "{34834557-346F-447C-9A4C-BA8BC00F68EF}"
EndProject
Project("{2150E333-8FDC-42A3-9474-1A3956D46DE8}") = "App04", "App04", "{0C38AA26-6D97-4D92-ACF4-86DD7B68F31A}"
EndProject
Project("{2150E333-8FDC-42A3-9474-1A3956D46DE8}") = "App 05", "App 05", "{827314F3-DC15-4C4C-AC80-B458CB179AFB}"
EndProject
Project("{9A19103F-16F7-4668-BE54-9A1E7A4F7556}") = "AppTask", "AppTask\AppTask.csproj", "{9E0950AA-8F37-431A-B502-1C785BA2F364}"
EndProject
Project("{9A19103F-16F7-4668-BE54-9A1E7A4F7556}") = "AppTask.Models", "AppTask.Models\AppTask.Models.csproj", "{AEF1AE20-DBDD-40E7-9D72-5CF0404828CE}"
EndProject
Project("{9A19103F-16F7-4668-BE54-9A1E7A4F7556}") = "AppTask.Database", "AppTask.Database\AppTask.Database.csproj", "{9E4E2CF7-B905-443F-8DD2-25681D3CF212}"
EndProject
Project("{9A19103F-16F7-4668-BE54-9A1E7A4F7556}") = "AppTask.Database.Migration.Runtime", "AppTask.Database.Migration.Runtime\AppTask.Database.Migration.Runtime.csproj", "{62116C61-EA8B-4D5D-874C-6A224CC318B3}"
EndProject
Project("{2150E333-8FDC-42A3-9474-1A3956D46DE8}") = "Util", "Util", "{88AD3EB7-8C8E-4C3B-9AE8-2FDCCB5CF2B2}"
EndProject
Global
	GlobalSection(SolutionConfigurationPlatforms) = preSolution
		Debug|Any CPU = Debug|Any CPU
		Release|Any CPU = Release|Any CPU
	EndGlobalSection
	GlobalSection(ProjectConfigurationPlatforms) = postSolution
		{539F44C9-D168-410D-85D9-3A974085C438}.Debug|Any CPU.ActiveCfg = Debug|Any CPU
		{539F44C9-D168-410D-85D9-3A974085C438}.Debug|Any CPU.Build.0 = Debug|Any CPU
		{539F44C9-D168-410D-85D9-3A974085C438}.Debug|Any CPU.Deploy.0 = Debug|Any CPU
		{539F44C9-D168-410D-85D9-3A974085C438}.Release|Any CPU.ActiveCfg = Release|Any CPU
		{539F44C9-D168-410D-85D9-3A974085C438}.Release|Any CPU.Build.0 = Release|Any CPU
		{539F44C9-D168-410D-85D9-3A974085C438}.Release|Any CPU.Deploy.0 = Release|Any CPU
		{2E475C31-4B9A-4144-907A-F4F3006890F9}.Debug|Any CPU.ActiveCfg = Debug|Any CPU
		{2E475C31-4B9A-4144-907A-F4F3006890F9}.Debug|Any CPU.Build.0 = Debug|Any CPU
		{2E475C31-4B9A-4144-907A-F4F3006890F9}.Debug|Any CPU.Deploy.0 = Debug|Any CPU
		{2E475C31-4B9A-4144-907A-F4F3006890F9}.Release|Any CPU.ActiveCfg = Release|Any CPU
		{2E475C31-4B9A-4144-907A-F4F3006890F9}.Release|Any CPU.Build.0 = Release|Any CPU
		{2E475C31-4B9A-4144-907A-F4F3006890F9}.Release|Any CPU.Deploy.0 = Release|Any CPU
		{208A73A7-9C89-4C02-B1A4-086F2F75E730}.Debug|Any CPU.ActiveCfg = Debug|Any CPU
		{208A73A7-9C89-4C02-B1A4-086F2F75E730}.Debug|Any CPU.Build.0 = Debug|Any CPU
		{208A73A7-9C89-4C02-B1A4-086F2F75E730}.Debug|Any CPU.Deploy.0 = Debug|Any CPU
		{208A73A7-9C89-4C02-B1A4-086F2F75E730}.Release|Any CPU.ActiveCfg = Release|Any CPU
		{208A73A7-9C89-4C02-B1A4-086F2F75E730}.Release|Any CPU.Build.0 = Release|Any CPU
		{208A73A7-9C89-4C02-B1A4-086F2F75E730}.Release|Any CPU.Deploy.0 = Release|Any CPU
		{3E6A112B-E377-4FBC-AC66-3CD697BAF84F}.Debug|Any CPU.ActiveCfg = Debug|Any CPU
		{3E6A112B-E377-4FBC-AC66-3CD697BAF84F}.Debug|Any CPU.Build.0 = Debug|Any CPU
		{3E6A112B-E377-4FBC-AC66-3CD697BAF84F}.Debug|Any CPU.Deploy.0 = Debug|Any CPU
		{3E6A112B-E377-4FBC-AC66-3CD697BAF84F}.Release|Any CPU.ActiveCfg = Release|Any CPU
		{3E6A112B-E377-4FBC-AC66-3CD697BAF84F}.Release|Any CPU.Build.0 = Release|Any CPU
		{3E6A112B-E377-4FBC-AC66-3CD697BAF84F}.Release|Any CPU.Deploy.0 = Release|Any CPU
		{34834557-346F-447C-9A4C-BA8BC00F68EF}.Debug|Any CPU.ActiveCfg = Debug|Any CPU
		{34834557-346F-447C-9A4C-BA8BC00F68EF}.Debug|Any CPU.Build.0 = Debug|Any CPU
		{34834557-346F-447C-9A4C-BA8BC00F68EF}.Debug|Any CPU.Deploy.0 = Debug|Any CPU
		{34834557-346F-447C-9A4C-BA8BC00F68EF}.Release|Any CPU.ActiveCfg = Release|Any CPU
		{34834557-346F-447C-9A4C-BA8BC00F68EF}.Release|Any CPU.Build.0 = Release|Any CPU
		{34834557-346F-447C-9A4C-BA8BC00F68EF}.Release|Any CPU.Deploy.0 = Release|Any CPU
		{9E0950AA-8F37-431A-B502-1C785BA2F364}.Debug|Any CPU.ActiveCfg = Debug|Any CPU
		{9E0950AA-8F37-431A-B502-1C785BA2F364}.Debug|Any CPU.Build.0 = Debug|Any CPU
		{9E0950AA-8F37-431A-B502-1C785BA2F364}.Debug|Any CPU.Deploy.0 = Debug|Any CPU
		{9E0950AA-8F37-431A-B502-1C785BA2F364}.Release|Any CPU.ActiveCfg = Release|Any CPU
		{9E0950AA-8F37-431A-B502-1C785BA2F364}.Release|Any CPU.Build.0 = Release|Any CPU
		{9E0950AA-8F37-431A-B502-1C785BA2F364}.Release|Any CPU.Deploy.0 = Release|Any CPU
		{AEF1AE20-DBDD-40E7-9D72-5CF0404828CE}.Debug|Any CPU.ActiveCfg = Debug|Any CPU
		{AEF1AE20-DBDD-40E7-9D72-5CF0404828CE}.Debug|Any CPU.Build.0 = Debug|Any CPU
		{AEF1AE20-DBDD-40E7-9D72-5CF0404828CE}.Release|Any CPU.ActiveCfg = Release|Any CPU
		{AEF1AE20-DBDD-40E7-9D72-5CF0404828CE}.Release|Any CPU.Build.0 = Release|Any CPU
		{9E4E2CF7-B905-443F-8DD2-25681D3CF212}.Debug|Any CPU.ActiveCfg = Debug|Any CPU
		{9E4E2CF7-B905-443F-8DD2-25681D3CF212}.Debug|Any CPU.Build.0 = Debug|Any CPU
		{9E4E2CF7-B905-443F-8DD2-25681D3CF212}.Release|Any CPU.ActiveCfg = Release|Any CPU
		{9E4E2CF7-B905-443F-8DD2-25681D3CF212}.Release|Any CPU.Build.0 = Release|Any CPU
		{62116C61-EA8B-4D5D-874C-6A224CC318B3}.Debug|Any CPU.ActiveCfg = Debug|Any CPU
		{62116C61-EA8B-4D5D-874C-6A224CC318B3}.Debug|Any CPU.Build.0 = Debug|Any CPU
		{62116C61-EA8B-4D5D-874C-6A224CC318B3}.Release|Any CPU.ActiveCfg = Release|Any CPU
		{62116C61-EA8B-4D5D-874C-6A224CC318B3}.Release|Any CPU.Build.0 = Release|Any CPU
	EndGlobalSection
	GlobalSection(SolutionProperties) = preSolution
		HideSolutionNode = FALSE
	EndGlobalSection
	GlobalSection(NestedProjects) = preSolution
		{539F44C9-D168-410D-85D9-3A974085C438} = {1FFB4F11-8D90-44A1-BBF7-7E5E10846E75}
		{2E475C31-4B9A-4144-907A-F4F3006890F9} = {2C3CDA7D-19D4-4972-9ED4-D7873AFACDF8}
		{208A73A7-9C89-4C02-B1A4-086F2F75E730} = {2C3CDA7D-19D4-4972-9ED4-D7873AFACDF8}
		{3E6A112B-E377-4FBC-AC66-3CD697BAF84F} = {F9101884-4B81-4EE1-ABDF-47CEEEE46E0D}
		{34834557-346F-447C-9A4C-BA8BC00F68EF} = {0C38AA26-6D97-4D92-ACF4-86DD7B68F31A}
		{9E0950AA-8F37-431A-B502-1C785BA2F364} = {827314F3-DC15-4C4C-AC80-B458CB179AFB}
		{AEF1AE20-DBDD-40E7-9D72-5CF0404828CE} = {827314F3-DC15-4C4C-AC80-B458CB179AFB}
		{9E4E2CF7-B905-443F-8DD2-25681D3CF212} = {827314F3-DC15-4C4C-AC80-B458CB179AFB}
		{62116C61-EA8B-4D5D-874C-6A224CC318B3} = {88AD3EB7-8C8E-4C3B-9AE8-2FDCCB5CF2B2}
		{88AD3EB7-8C8E-4C3B-9AE8-2FDCCB5CF2B2} = {827314F3-DC15-4C4C-AC80-B458CB179AFB}
	EndGlobalSection
	GlobalSection(ExtensibilityGlobals) = postSolution
		SolutionGuid = {2BED30F6-33BF-4A16-B126-F6FCAB5E1E2A}
	EndGlobalSection
EndGlobal
